
Microsoft Visual Studio Solution File, Format Version 12.00
# Visual Studio Version 17
VisualStudioVersion = 17.13.35828.75
MinimumVisualStudioVersion = 10.0.40219.1
Project("{FAE04EC0-301F-11D3-BF4B-00C04F79EFBC}") = "Wavy", "Wavy\Wavy.csproj", "{05FD864D-C7AF-4854-A8C1-57ADFDE4D6F8}"
EndProject
Project("{FAE04EC0-301F-11D3-BF4B-00C04F79EFBC}") = "Aggregator", "Aggregator\Aggregator.csproj", "{0B79A13B-FBBE-4CD5-BF9F-8A0ACAB37DC4}"
EndProject
Project("{FAE04EC0-301F-11D3-BF4B-00C04F79EFBC}") = "Server", "Server\Server.csproj", "{BD9D5B24-5B00-4766-AC44-EC3C932B99C6}"
EndProject
Project("{2150E333-8FDC-42A3-9474-1A3956D46DE8}") = "Solution Items", "Solution Items", "{8EC462FD-D22E-90A8-E5CE-7E832BA40C5D}"
	ProjectSection(SolutionItems) = preProject
		gitignore.txt = gitignore.txt
		..\..\..\Desktop\TUTORIAL DE COMMITS.png = ..\..\..\Desktop\TUTORIAL DE COMMITS.png
	EndProjectSection
EndProject
Global
	GlobalSection(SolutionConfigurationPlatforms) = preSolution
		Debug|Any CPU = Debug|Any CPU
		Release|Any CPU = Release|Any CPU
	EndGlobalSection
	GlobalSection(ProjectConfigurationPlatforms) = postSolution
		{05FD864D-C7AF-4854-A8C1-57ADFDE4D6F8}.Debug|Any CPU.ActiveCfg = Debug|Any CPU
		{05FD864D-C7AF-4854-A8C1-57ADFDE4D6F8}.Debug|Any CPU.Build.0 = Debug|Any CPU
		{05FD864D-C7AF-4854-A8C1-57ADFDE4D6F8}.Release|Any CPU.ActiveCfg = Release|Any CPU
		{05FD864D-C7AF-4854-A8C1-57ADFDE4D6F8}.Release|Any CPU.Build.0 = Release|Any CPU
		{0B79A13B-FBBE-4CD5-BF9F-8A0ACAB37DC4}.Debug|Any CPU.ActiveCfg = Debug|Any CPU
		{0B79A13B-FBBE-4CD5-BF9F-8A0ACAB37DC4}.Debug|Any CPU.Build.0 = Debug|Any CPU
		{0B79A13B-FBBE-4CD5-BF9F-8A0ACAB37DC4}.Release|Any CPU.ActiveCfg = Release|Any CPU
		{0B79A13B-FBBE-4CD5-BF9F-8A0ACAB37DC4}.Release|Any CPU.Build.0 = Release|Any CPU
		{BD9D5B24-5B00-4766-AC44-EC3C932B99C6}.Debug|Any CPU.ActiveCfg = Debug|Any CPU
		{BD9D5B24-5B00-4766-AC44-EC3C932B99C6}.Debug|Any CPU.Build.0 = Debug|Any CPU
		{BD9D5B24-5B00-4766-AC44-EC3C932B99C6}.Release|Any CPU.ActiveCfg = Release|Any CPU
		{BD9D5B24-5B00-4766-AC44-EC3C932B99C6}.Release|Any CPU.Build.0 = Release|Any CPU
	EndGlobalSection
	GlobalSection(SolutionProperties) = preSolution
		HideSolutionNode = FALSE
	EndGlobalSection
	GlobalSection(ExtensibilityGlobals) = postSolution
		SolutionGuid = {12608647-BE49-4CD6-8BBF-529C47547AE9}
	EndGlobalSection
EndGlobal
